
Microsoft Visual Studio Solution File, Format Version 12.00
# Visual Studio Version 16
VisualStudioVersion = 16.0.29306.81
MinimumVisualStudioVersion = 10.0.40219.1
Project("{FAE04EC0-301F-11D3-BF4B-00C04F79EFBC}") = "Windows.SqlApp", "Windows.SqlApp\Windows.SqlApp.csproj", "{01E5E222-2341-4D3E-9D06-7F26A3904A89}"
EndProject
Project("{FAE04EC0-301F-11D3-BF4B-00C04F79EFBC}") = "Vektorel.DAL", "Vektorel.DAL\Vektorel.DAL.csproj", "{3628EA3E-8EE5-497E-9E28-C84AD3A08FF5}"
EndProject
Project("{FAE04EC0-301F-11D3-BF4B-00C04F79EFBC}") = "Vektorel.KitapBankosu.BLL", "Vektorel.KitapBankosu.BLL\Vektorel.KitapBankosu.BLL.csproj", "{545FB3A0-0D67-4D70-87FD-1E2026359B13}"
EndProject
Project("{FAE04EC0-301F-11D3-BF4B-00C04F79EFBC}") = "Vektorel.KitapBankosu.Models", "Vektorel.KitapBankosu.Models\Vektorel.KitapBankosu.Models.csproj", "{B286158A-7A8E-4E15-9802-8BA8D0705A34}"
EndProject
Global
	GlobalSection(SolutionConfigurationPlatforms) = preSolution
		Debug|Any CPU = Debug|Any CPU
		Release|Any CPU = Release|Any CPU
	EndGlobalSection
	GlobalSection(ProjectConfigurationPlatforms) = postSolution
		{01E5E222-2341-4D3E-9D06-7F26A3904A89}.Debug|Any CPU.ActiveCfg = Debug|Any CPU
		{01E5E222-2341-4D3E-9D06-7F26A3904A89}.Debug|Any CPU.Build.0 = Debug|Any CPU
		{01E5E222-2341-4D3E-9D06-7F26A3904A89}.Release|Any CPU.ActiveCfg = Release|Any CPU
		{01E5E222-2341-4D3E-9D06-7F26A3904A89}.Release|Any CPU.Build.0 = Release|Any CPU
		{3628EA3E-8EE5-497E-9E28-C84AD3A08FF5}.Debug|Any CPU.ActiveCfg = Debug|Any CPU
		{3628EA3E-8EE5-497E-9E28-C84AD3A08FF5}.Debug|Any CPU.Build.0 = Debug|Any CPU
		{3628EA3E-8EE5-497E-9E28-C84AD3A08FF5}.Release|Any CPU.ActiveCfg = Release|Any CPU
		{3628EA3E-8EE5-497E-9E28-C84AD3A08FF5}.Release|Any CPU.Build.0 = Release|Any CPU
		{545FB3A0-0D67-4D70-87FD-1E2026359B13}.Debug|Any CPU.ActiveCfg = Debug|Any CPU
		{545FB3A0-0D67-4D70-87FD-1E2026359B13}.Debug|Any CPU.Build.0 = Debug|Any CPU
		{545FB3A0-0D67-4D70-87FD-1E2026359B13}.Release|Any CPU.ActiveCfg = Release|Any CPU
		{545FB3A0-0D67-4D70-87FD-1E2026359B13}.Release|Any CPU.Build.0 = Release|Any CPU
		{B286158A-7A8E-4E15-9802-8BA8D0705A34}.Debug|Any CPU.ActiveCfg = Debug|Any CPU
		{B286158A-7A8E-4E15-9802-8BA8D0705A34}.Debug|Any CPU.Build.0 = Debug|Any CPU
		{B286158A-7A8E-4E15-9802-8BA8D0705A34}.Release|Any CPU.ActiveCfg = Release|Any CPU
		{B286158A-7A8E-4E15-9802-8BA8D0705A34}.Release|Any CPU.Build.0 = Release|Any CPU
	EndGlobalSection
	GlobalSection(SolutionProperties) = preSolution
		HideSolutionNode = FALSE
	EndGlobalSection
	GlobalSection(ExtensibilityGlobals) = postSolution
		SolutionGuid = {A4D0711D-5EF1-4B67-8EA3-E77BF2146C55}
	EndGlobalSection
EndGlobal
